
Microsoft Visual Studio Solution File, Format Version 12.00
# Visual Studio Version 16
VisualStudioVersion = 16.0.31424.327
MinimumVisualStudioVersion = 10.0.40219.1
Project("{FAE04EC0-301F-11D3-BF4B-00C04F79EFBC}") = "stock_mng_system", "stock_mng_system\stock_mng_system.csproj", "{8EE0357D-EA6F-4456-B5D1-1DE12CFDD907}"
EndProject
Global
	GlobalSection(SolutionConfigurationPlatforms) = preSolution
		Debug|Any CPU = Debug|Any CPU
		Release|Any CPU = Release|Any CPU
	EndGlobalSection
	GlobalSection(ProjectConfigurationPlatforms) = postSolution
		{8EE0357D-EA6F-4456-B5D1-1DE12CFDD907}.Debug|Any CPU.ActiveCfg = Debug|Any CPU
		{8EE0357D-EA6F-4456-B5D1-1DE12CFDD907}.Debug|Any CPU.Build.0 = Debug|Any CPU
		{8EE0357D-EA6F-4456-B5D1-1DE12CFDD907}.Release|Any CPU.ActiveCfg = Release|Any CPU
		{8EE0357D-EA6F-4456-B5D1-1DE12CFDD907}.Release|Any CPU.Build.0 = Release|Any CPU
	EndGlobalSection
	GlobalSection(SolutionProperties) = preSolution
		HideSolutionNode = FALSE
	EndGlobalSection
	GlobalSection(ExtensibilityGlobals) = postSolution
		SolutionGuid = {AA8F82B1-BC0E-4F2A-B4EE-BF79BCFA284D}
	EndGlobalSection
EndGlobal
